<?xml version="1.0" encoding="utf-8"?>
<Project ToolsVersion="4.0" xmlns="http://schemas.microsoft.com/developer/msbuild/2003">
  <ItemGroup>
    <Filter Include="Source Files">
      <UniqueIdentifier>{4FC737F1-C7A5-4376-A066-2A32D752A2FF}</UniqueIdentifier>
      <Extensions>cpp;c;cc;cxx;c++;cppm;ixx;def;odl;idl;hpj;bat;asm;asmx</Extensions>
    </Filter>
    <Filter Include="Header Files">
      <UniqueIdentifier>{93995380-89BD-4b04-88EB-625FBE52EBFB}</UniqueIdentifier>
      <Extensions>h;hh;hpp;hxx;h++;hm;inl;inc;ipp;xsd</Extensions>
    </Filter>
    <Filter Include="Resource Files">
      <UniqueIdentifier>{67DA6AB6-F800-4c08-8B7A-83BB121AAD01}</UniqueIdentifier>
      <Extensions>rc;ico;cur;bmp;dlg;rc2;rct;bin;rgs;gif;jpg;jpeg;jpe;resx;tiff;tif;png;wav;mfcribbon-ms</Extensions>
    </Filter>
  </ItemGroup>
  <ItemGroup>
    <ClCompile Include="CondorEngine.cpp">
      <Filter>Source Files</Filter>
    </ClCompile>
    <ClCompile Include="application.cpp">
      <Filter>Source Files</Filter>
    </ClCompile>
    <ClCompile Include="diagnostics.cpp">
      <Filter>Source Files</Filter>
    </ClCompile>
    <ClCompile Include="renderer.cpp">
      <Filter>Source Files</Filter>
    </ClCompile>
    <ClCompile Include="sceneobjects\primitive.cpp">
      <Filter>Source Files</Filter>
    </ClCompile>
    <ClCompile Include="core.cpp">
      <Filter>Source Files</Filter>
    </ClCompile>
    <ClCompile Include="components\mesh.cpp">
      <Filter>Source Files</Filter>
    </ClCompile>
    <ClCompile Include="math.cpp">
      <Filter>Source Files</Filter>
    </ClCompile>
    <ClCompile Include="sceneobjects\spectatorcam.cpp">
      <Filter>Source Files</Filter>
    </ClCompile>
    <ClCompile Include="components\camera.cpp">
      <Filter>Source Files</Filter>
    </ClCompile>
  </ItemGroup>
  <ItemGroup>
    <ClInclude Include="application.h">
      <Filter>Header Files</Filter>
    </ClInclude>
    <ClInclude Include="diagnostics.h">
      <Filter>Header Files</Filter>
    </ClInclude>
    <ClInclude Include="renderer.h">
      <Filter>Header Files</Filter>
    </ClInclude>
    <ClInclude Include="sceneobjects\primitive.h">
      <Filter>Header Files</Filter>
    </ClInclude>
    <ClInclude Include="core.h">
      <Filter>Header Files</Filter>
    </ClInclude>
    <ClInclude Include="components\mesh.h">
      <Filter>Header Files</Filter>
    </ClInclude>
    <ClInclude Include="debug.h">
      <Filter>Header Files</Filter>
    </ClInclude>
    <ClInclude Include="math.h">
      <Filter>Header Files</Filter>
    </ClInclude>
    <ClInclude Include="sceneobjects\spectatorcam.h">
      <Filter>Header Files</Filter>
    </ClInclude>
    <ClInclude Include="components\camera.h">
      <Filter>Header Files</Filter>
    </ClInclude>
  </ItemGroup>
  <ItemGroup>
    <None Include="shaders\basic.frag" />
    <None Include="shaders\basic.vert" />
    <None Include="shaders\uv.frag" />
    <None Include="bin\assimp-vc143-mt.dll" />
    <None Include="bin\assimp-vc143-mt.pdb" />
    <None Include="bin\assimp-vc143-mtd.dll" />
    <None Include="bin\assimp-vc143-mtd.pdb" />
    <None Include="shaders\diffuse.frag" />
    <None Include="shaders\directional.vert" />
    <None Include="shaders\normal.frag" />
    <None Include="shaders\phong.frag" />
  </ItemGroup>
  <ItemGroup>
    <Library Include="bin\assimp-vc143-mt.lib" />
    <Library Include="bin\assimp-vc143-mtd.lib" />
  </ItemGroup>
  <ItemGroup>
    <Image Include="textures\PNG.png">
      <Filter>Resource Files</Filter>
    </Image>
    <Image Include="textures\wet_koala.jpg">
      <Filter>Resource Files</Filter>
    </Image>
  </ItemGroup>
</Project>